
Microsoft Visual Studio Solution File, Format Version 12.00
# Visual Studio Version 17
VisualStudioVersion = 17.7.33927.210
MinimumVisualStudioVersion = 10.0.40219.1
Project("{9A19103F-16F7-4668-BE54-9A1E7A4F7556}") = "BulkyWeb", "BulkyWeb\BulkyWeb.csproj", "{7DDDFBC5-BCEB-4456-A362-70C4579240E3}"
EndProject
Project("{FAE04EC0-301F-11D3-BF4B-00C04F79EFBC}") = "Bulky.DataAccess", "Bulky.DataAccess\Bulky.DataAccess.csproj", "{32935080-8863-47ED-AF1B-8505680DAAE4}"
EndProject
Project("{FAE04EC0-301F-11D3-BF4B-00C04F79EFBC}") = "Bulky.Models", "Bulky.Models\Bulky.Models.csproj", "{AF874892-DD3F-4EC4-852B-3008266AE8E4}"
EndProject
Project("{FAE04EC0-301F-11D3-BF4B-00C04F79EFBC}") = "Bulky.Utility", "Bulky.Utility\Bulky.Utility.csproj", "{37AEB9F1-E1B1-448A-B6D1-ED84EC2D5C65}"
EndProject
Global
	GlobalSection(SolutionConfigurationPlatforms) = preSolution
		Debug|Any CPU = Debug|Any CPU
		Release|Any CPU = Release|Any CPU
	EndGlobalSection
	GlobalSection(ProjectConfigurationPlatforms) = postSolution
		{7DDDFBC5-BCEB-4456-A362-70C4579240E3}.Debug|Any CPU.ActiveCfg = Debug|Any CPU
		{7DDDFBC5-BCEB-4456-A362-70C4579240E3}.Debug|Any CPU.Build.0 = Debug|Any CPU
		{7DDDFBC5-BCEB-4456-A362-70C4579240E3}.Release|Any CPU.ActiveCfg = Release|Any CPU
		{7DDDFBC5-BCEB-4456-A362-70C4579240E3}.Release|Any CPU.Build.0 = Release|Any CPU
		{32935080-8863-47ED-AF1B-8505680DAAE4}.Debug|Any CPU.ActiveCfg = Debug|Any CPU
		{32935080-8863-47ED-AF1B-8505680DAAE4}.Debug|Any CPU.Build.0 = Debug|Any CPU
		{32935080-8863-47ED-AF1B-8505680DAAE4}.Release|Any CPU.ActiveCfg = Release|Any CPU
		{32935080-8863-47ED-AF1B-8505680DAAE4}.Release|Any CPU.Build.0 = Release|Any CPU
		{AF874892-DD3F-4EC4-852B-3008266AE8E4}.Debug|Any CPU.ActiveCfg = Debug|Any CPU
		{AF874892-DD3F-4EC4-852B-3008266AE8E4}.Debug|Any CPU.Build.0 = Debug|Any CPU
		{AF874892-DD3F-4EC4-852B-3008266AE8E4}.Release|Any CPU.ActiveCfg = Release|Any CPU
		{AF874892-DD3F-4EC4-852B-3008266AE8E4}.Release|Any CPU.Build.0 = Release|Any CPU
		{37AEB9F1-E1B1-448A-B6D1-ED84EC2D5C65}.Debug|Any CPU.ActiveCfg = Debug|Any CPU
		{37AEB9F1-E1B1-448A-B6D1-ED84EC2D5C65}.Debug|Any CPU.Build.0 = Debug|Any CPU
		{37AEB9F1-E1B1-448A-B6D1-ED84EC2D5C65}.Release|Any CPU.ActiveCfg = Release|Any CPU
		{37AEB9F1-E1B1-448A-B6D1-ED84EC2D5C65}.Release|Any CPU.Build.0 = Release|Any CPU
	EndGlobalSection
	GlobalSection(SolutionProperties) = preSolution
		HideSolutionNode = FALSE
	EndGlobalSection
	GlobalSection(ExtensibilityGlobals) = postSolution
		SolutionGuid = {B4662E84-0E00-44DF-BB3C-505493CC79DC}
	EndGlobalSection
EndGlobal
